// !$*UTF8*$!
{
	archiveVersion = 1;
	classes = {
	};
	objectVersion = 50;
	objects = {

/* Begin PBXBuildFile section */
		072E51C524EC375200135422 /* ViewModelMockTests.swift in Sources */ = {isa = PBXBuildFile; fileRef = 072E51C424EC375200135422 /* ViewModelMockTests.swift */; };
		072E51C724EC377900135422 /* ViewModelSlowTests.swift in Sources */ = {isa = PBXBuildFile; fileRef = 072E51C624EC377900135422 /* ViewModelSlowTests.swift */; };
		072E51C924EC53B000135422 /* SearchViewModel.swift in Sources */ = {isa = PBXBuildFile; fileRef = 072E51C824EC53B000135422 /* SearchViewModel.swift */; };
		072E51CB24EC53DD00135422 /* FeedViewModelInterface.swift in Sources */ = {isa = PBXBuildFile; fileRef = 072E51CA24EC53DD00135422 /* FeedViewModelInterface.swift */; };
		072E51CD24EC5EFE00135422 /* SearchResult.swift in Sources */ = {isa = PBXBuildFile; fileRef = 072E51CC24EC5EFE00135422 /* SearchResult.swift */; };
		073FFD5724E6F74400C3461C /* AppDelegate.swift in Sources */ = {isa = PBXBuildFile; fileRef = 073FFD5624E6F74400C3461C /* AppDelegate.swift */; };
		073FFD5924E6F74400C3461C /* SceneDelegate.swift in Sources */ = {isa = PBXBuildFile; fileRef = 073FFD5824E6F74400C3461C /* SceneDelegate.swift */; };
		073FFD5E24E6F74400C3461C /* Main.storyboard in Resources */ = {isa = PBXBuildFile; fileRef = 073FFD5C24E6F74400C3461C /* Main.storyboard */; };
		073FFD6024E6F74500C3461C /* Assets.xcassets in Resources */ = {isa = PBXBuildFile; fileRef = 073FFD5F24E6F74500C3461C /* Assets.xcassets */; };
		073FFD6324E6F74500C3461C /* LaunchScreen.storyboard in Resources */ = {isa = PBXBuildFile; fileRef = 073FFD6124E6F74500C3461C /* LaunchScreen.storyboard */; };
		073FFD7924E6F74500C3461C /* TwitterAppUITests.swift in Sources */ = {isa = PBXBuildFile; fileRef = 073FFD7824E6F74500C3461C /* TwitterAppUITests.swift */; };
		073FFD8E24E6FC7C00C3461C /* Coordinator.swift in Sources */ = {isa = PBXBuildFile; fileRef = 073FFD8D24E6FC7C00C3461C /* Coordinator.swift */; };
		073FFD9024E6FCED00C3461C /* AppCoordinator.swift in Sources */ = {isa = PBXBuildFile; fileRef = 073FFD8F24E6FCED00C3461C /* AppCoordinator.swift */; };
		073FFD9224E6FEED00C3461C /* FeedViewController.swift in Sources */ = {isa = PBXBuildFile; fileRef = 073FFD9124E6FEED00C3461C /* FeedViewController.swift */; };
		073FFD9424E6FF1400C3461C /* SearchViewController.swift in Sources */ = {isa = PBXBuildFile; fileRef = 073FFD9324E6FF1400C3461C /* SearchViewController.swift */; };
		073FFD9624E6FF5400C3461C /* +UIViewController.swift in Sources */ = {isa = PBXBuildFile; fileRef = 073FFD9524E6FF5400C3461C /* +UIViewController.swift */; };
		073FFD9824E6FFD400C3461C /* +UIStoryboard.swift in Sources */ = {isa = PBXBuildFile; fileRef = 073FFD9724E6FFD400C3461C /* +UIStoryboard.swift */; };
		073FFD9A24E7001400C3461C /* Storyboarded.swift in Sources */ = {isa = PBXBuildFile; fileRef = 073FFD9924E7001400C3461C /* Storyboarded.swift */; };
		073FFD9D24E7037400C3461C /* ObjectFactories.swift in Sources */ = {isa = PBXBuildFile; fileRef = 073FFD9C24E7037400C3461C /* ObjectFactories.swift */; };
		073FFD9F24E706BD00C3461C /* ViewControllerFactories.swift in Sources */ = {isa = PBXBuildFile; fileRef = 073FFD9E24E706BD00C3461C /* ViewControllerFactories.swift */; };
		073FFDA124E70A2800C3461C /* RootTabBarController.swift in Sources */ = {isa = PBXBuildFile; fileRef = 073FFDA024E70A2800C3461C /* RootTabBarController.swift */; };
		073FFDA324E70E3200C3461C /* +UIImage.swift in Sources */ = {isa = PBXBuildFile; fileRef = 073FFDA224E70E3200C3461C /* +UIImage.swift */; };
		073FFDA924E7171500C3461C /* CoordinatorFactories.swift in Sources */ = {isa = PBXBuildFile; fileRef = 073FFDA824E7171500C3461C /* CoordinatorFactories.swift */; };
		073FFDAB24E7192200C3461C /* NavCoordinator.swift in Sources */ = {isa = PBXBuildFile; fileRef = 073FFDAA24E7192200C3461C /* NavCoordinator.swift */; };
		073FFDAF24E72FBE00C3461C /* TweetCell.swift in Sources */ = {isa = PBXBuildFile; fileRef = 073FFDAD24E72FBE00C3461C /* TweetCell.swift */; };
		073FFDB224E731D100C3461C /* FeedRootView.swift in Sources */ = {isa = PBXBuildFile; fileRef = 073FFDB124E731D100C3461C /* FeedRootView.swift */; };
		073FFDB424E732EB00C3461C /* +UIView.swift in Sources */ = {isa = PBXBuildFile; fileRef = 073FFDB324E732EB00C3461C /* +UIView.swift */; };
		073FFDB724E734CE00C3461C /* User.swift in Sources */ = {isa = PBXBuildFile; fileRef = 073FFDB624E734CE00C3461C /* User.swift */; };
		073FFDB924E737C100C3461C /* Tweet.swift in Sources */ = {isa = PBXBuildFile; fileRef = 073FFDB824E737C100C3461C /* Tweet.swift */; };
		073FFDBB24E7387100C3461C /* Fetcher.swift in Sources */ = {isa = PBXBuildFile; fileRef = 073FFDBA24E7387100C3461C /* Fetcher.swift */; };
		073FFDBD24E7387B00C3461C /* Endpoint.swift in Sources */ = {isa = PBXBuildFile; fileRef = 073FFDBC24E7387B00C3461C /* Endpoint.swift */; };
		073FFDBF24E73B7F00C3461C /* FetcherImplementation.swift in Sources */ = {isa = PBXBuildFile; fileRef = 073FFDBE24E73B7F00C3461C /* FetcherImplementation.swift */; };
		073FFDC124E73BD500C3461C /* APIErrors.swift in Sources */ = {isa = PBXBuildFile; fileRef = 073FFDC024E73BD500C3461C /* APIErrors.swift */; };
		073FFDC324E7434E00C3461C /* Bindable.swift in Sources */ = {isa = PBXBuildFile; fileRef = 073FFDC224E7434E00C3461C /* Bindable.swift */; };
		073FFDC524E7442100C3461C /* Binder.swift in Sources */ = {isa = PBXBuildFile; fileRef = 073FFDC424E7442100C3461C /* Binder.swift */; };
		073FFDC724E7459500C3461C /* FeedViewModel.swift in Sources */ = {isa = PBXBuildFile; fileRef = 073FFDC624E7459500C3461C /* FeedViewModel.swift */; };
		073FFDC924E7484D00C3461C /* TweetViewModel.swift in Sources */ = {isa = PBXBuildFile; fileRef = 073FFDC824E7484D00C3461C /* TweetViewModel.swift */; };
		073FFDCB24E7492700C3461C /* UserViewModel.swift in Sources */ = {isa = PBXBuildFile; fileRef = 073FFDCA24E7492700C3461C /* UserViewModel.swift */; };
		073FFDCD24E74B7E00C3461C /* +UIColor.swift in Sources */ = {isa = PBXBuildFile; fileRef = 073FFDCC24E74B7E00C3461C /* +UIColor.swift */; };
		073FFDCF24E74EEB00C3461C /* State.swift in Sources */ = {isa = PBXBuildFile; fileRef = 073FFDCE24E74EEB00C3461C /* State.swift */; };
		0779624F24EAE45B00F12E7B /* MockFetcher.swift in Sources */ = {isa = PBXBuildFile; fileRef = 0779624E24EAE45B00F12E7B /* MockFetcher.swift */; };
		0779625324EB5C0600F12E7B /* FetchableImage.swift in Sources */ = {isa = PBXBuildFile; fileRef = 0779625224EB5C0600F12E7B /* FetchableImage.swift */; };
/* End PBXBuildFile section */

/* Begin PBXContainerItemProxy section */
		073FFD6A24E6F74500C3461C /* PBXContainerItemProxy */ = {
			isa = PBXContainerItemProxy;
			containerPortal = 073FFD4B24E6F74400C3461C /* Project object */;
			proxyType = 1;
			remoteGlobalIDString = 073FFD5224E6F74400C3461C;
			remoteInfo = TwitterApp;
		};
		073FFD7524E6F74500C3461C /* PBXContainerItemProxy */ = {
			isa = PBXContainerItemProxy;
			containerPortal = 073FFD4B24E6F74400C3461C /* Project object */;
			proxyType = 1;
			remoteGlobalIDString = 073FFD5224E6F74400C3461C;
			remoteInfo = TwitterApp;
		};
/* End PBXContainerItemProxy section */

/* Begin PBXFileReference section */
		072E51C424EC375200135422 /* ViewModelMockTests.swift */ = {isa = PBXFileReference; lastKnownFileType = sourcecode.swift; path = ViewModelMockTests.swift; sourceTree = "<group>"; };
		072E51C624EC377900135422 /* ViewModelSlowTests.swift */ = {isa = PBXFileReference; lastKnownFileType = sourcecode.swift; path = ViewModelSlowTests.swift; sourceTree = "<group>"; };
		072E51C824EC53B000135422 /* SearchViewModel.swift */ = {isa = PBXFileReference; lastKnownFileType = sourcecode.swift; path = SearchViewModel.swift; sourceTree = "<group>"; };
		072E51CA24EC53DD00135422 /* FeedViewModelInterface.swift */ = {isa = PBXFileReference; lastKnownFileType = sourcecode.swift; path = FeedViewModelInterface.swift; sourceTree = "<group>"; };
		072E51CC24EC5EFE00135422 /* SearchResult.swift */ = {isa = PBXFileReference; lastKnownFileType = sourcecode.swift; path = SearchResult.swift; sourceTree = "<group>"; };
		073FFD5324E6F74400C3461C /* TwitterApp.app */ = {isa = PBXFileReference; explicitFileType = wrapper.application; includeInIndex = 0; path = TwitterApp.app; sourceTree = BUILT_PRODUCTS_DIR; };
		073FFD5624E6F74400C3461C /* AppDelegate.swift */ = {isa = PBXFileReference; lastKnownFileType = sourcecode.swift; path = AppDelegate.swift; sourceTree = "<group>"; };
		073FFD5824E6F74400C3461C /* SceneDelegate.swift */ = {isa = PBXFileReference; lastKnownFileType = sourcecode.swift; path = SceneDelegate.swift; sourceTree = "<group>"; };
		073FFD5D24E6F74400C3461C /* Base */ = {isa = PBXFileReference; lastKnownFileType = file.storyboard; name = Base; path = Base.lproj/Main.storyboard; sourceTree = "<group>"; };
		073FFD5F24E6F74500C3461C /* Assets.xcassets */ = {isa = PBXFileReference; lastKnownFileType = folder.assetcatalog; path = Assets.xcassets; sourceTree = "<group>"; };
		073FFD6224E6F74500C3461C /* Base */ = {isa = PBXFileReference; lastKnownFileType = file.storyboard; name = Base; path = Base.lproj/LaunchScreen.storyboard; sourceTree = "<group>"; };
		073FFD6424E6F74500C3461C /* Info.plist */ = {isa = PBXFileReference; lastKnownFileType = text.plist.xml; path = Info.plist; sourceTree = "<group>"; };
		073FFD6924E6F74500C3461C /* TwitterAppTests.xctest */ = {isa = PBXFileReference; explicitFileType = wrapper.cfbundle; includeInIndex = 0; path = TwitterAppTests.xctest; sourceTree = BUILT_PRODUCTS_DIR; };
		073FFD6F24E6F74500C3461C /* Info.plist */ = {isa = PBXFileReference; lastKnownFileType = text.plist.xml; path = Info.plist; sourceTree = "<group>"; };
		073FFD7424E6F74500C3461C /* TwitterAppUITests.xctest */ = {isa = PBXFileReference; explicitFileType = wrapper.cfbundle; includeInIndex = 0; path = TwitterAppUITests.xctest; sourceTree = BUILT_PRODUCTS_DIR; };
		073FFD7824E6F74500C3461C /* TwitterAppUITests.swift */ = {isa = PBXFileReference; lastKnownFileType = sourcecode.swift; path = TwitterAppUITests.swift; sourceTree = "<group>"; };
		073FFD7A24E6F74500C3461C /* Info.plist */ = {isa = PBXFileReference; lastKnownFileType = text.plist.xml; path = Info.plist; sourceTree = "<group>"; };
		073FFD8D24E6FC7C00C3461C /* Coordinator.swift */ = {isa = PBXFileReference; lastKnownFileType = sourcecode.swift; path = Coordinator.swift; sourceTree = "<group>"; };
		073FFD8F24E6FCED00C3461C /* AppCoordinator.swift */ = {isa = PBXFileReference; lastKnownFileType = sourcecode.swift; path = AppCoordinator.swift; sourceTree = "<group>"; };
		073FFD9124E6FEED00C3461C /* FeedViewController.swift */ = {isa = PBXFileReference; lastKnownFileType = sourcecode.swift; path = FeedViewController.swift; sourceTree = "<group>"; };
		073FFD9324E6FF1400C3461C /* SearchViewController.swift */ = {isa = PBXFileReference; lastKnownFileType = sourcecode.swift; path = SearchViewController.swift; sourceTree = "<group>"; };
		073FFD9524E6FF5400C3461C /* +UIViewController.swift */ = {isa = PBXFileReference; lastKnownFileType = sourcecode.swift; path = "+UIViewController.swift"; sourceTree = "<group>"; };
		073FFD9724E6FFD400C3461C /* +UIStoryboard.swift */ = {isa = PBXFileReference; lastKnownFileType = sourcecode.swift; path = "+UIStoryboard.swift"; sourceTree = "<group>"; };
		073FFD9924E7001400C3461C /* Storyboarded.swift */ = {isa = PBXFileReference; lastKnownFileType = sourcecode.swift; path = Storyboarded.swift; sourceTree = "<group>"; };
		073FFD9C24E7037400C3461C /* ObjectFactories.swift */ = {isa = PBXFileReference; lastKnownFileType = sourcecode.swift; path = ObjectFactories.swift; sourceTree = "<group>"; };
		073FFD9E24E706BD00C3461C /* ViewControllerFactories.swift */ = {isa = PBXFileReference; lastKnownFileType = sourcecode.swift; path = ViewControllerFactories.swift; sourceTree = "<group>"; };
		073FFDA024E70A2800C3461C /* RootTabBarController.swift */ = {isa = PBXFileReference; lastKnownFileType = sourcecode.swift; path = RootTabBarController.swift; sourceTree = "<group>"; };
		073FFDA224E70E3200C3461C /* +UIImage.swift */ = {isa = PBXFileReference; lastKnownFileType = sourcecode.swift; path = "+UIImage.swift"; sourceTree = "<group>"; };
		073FFDA824E7171500C3461C /* CoordinatorFactories.swift */ = {isa = PBXFileReference; lastKnownFileType = sourcecode.swift; path = CoordinatorFactories.swift; sourceTree = "<group>"; };
		073FFDAA24E7192200C3461C /* NavCoordinator.swift */ = {isa = PBXFileReference; lastKnownFileType = sourcecode.swift; path = NavCoordinator.swift; sourceTree = "<group>"; };
		073FFDAD24E72FBE00C3461C /* TweetCell.swift */ = {isa = PBXFileReference; lastKnownFileType = sourcecode.swift; path = TweetCell.swift; sourceTree = "<group>"; };
		073FFDB124E731D100C3461C /* FeedRootView.swift */ = {isa = PBXFileReference; lastKnownFileType = sourcecode.swift; path = FeedRootView.swift; sourceTree = "<group>"; };
		073FFDB324E732EB00C3461C /* +UIView.swift */ = {isa = PBXFileReference; lastKnownFileType = sourcecode.swift; path = "+UIView.swift"; sourceTree = "<group>"; };
		073FFDB624E734CE00C3461C /* User.swift */ = {isa = PBXFileReference; lastKnownFileType = sourcecode.swift; path = User.swift; sourceTree = "<group>"; };
		073FFDB824E737C100C3461C /* Tweet.swift */ = {isa = PBXFileReference; lastKnownFileType = sourcecode.swift; path = Tweet.swift; sourceTree = "<group>"; };
		073FFDBA24E7387100C3461C /* Fetcher.swift */ = {isa = PBXFileReference; lastKnownFileType = sourcecode.swift; path = Fetcher.swift; sourceTree = "<group>"; };
		073FFDBC24E7387B00C3461C /* Endpoint.swift */ = {isa = PBXFileReference; lastKnownFileType = sourcecode.swift; path = Endpoint.swift; sourceTree = "<group>"; };
		073FFDBE24E73B7F00C3461C /* FetcherImplementation.swift */ = {isa = PBXFileReference; lastKnownFileType = sourcecode.swift; path = FetcherImplementation.swift; sourceTree = "<group>"; };
		073FFDC024E73BD500C3461C /* APIErrors.swift */ = {isa = PBXFileReference; lastKnownFileType = sourcecode.swift; path = APIErrors.swift; sourceTree = "<group>"; };
		073FFDC224E7434E00C3461C /* Bindable.swift */ = {isa = PBXFileReference; lastKnownFileType = sourcecode.swift; path = Bindable.swift; sourceTree = "<group>"; };
		073FFDC424E7442100C3461C /* Binder.swift */ = {isa = PBXFileReference; lastKnownFileType = sourcecode.swift; path = Binder.swift; sourceTree = "<group>"; };
		073FFDC624E7459500C3461C /* FeedViewModel.swift */ = {isa = PBXFileReference; lastKnownFileType = sourcecode.swift; path = FeedViewModel.swift; sourceTree = "<group>"; };
		073FFDC824E7484D00C3461C /* TweetViewModel.swift */ = {isa = PBXFileReference; lastKnownFileType = sourcecode.swift; path = TweetViewModel.swift; sourceTree = "<group>"; };
		073FFDCA24E7492700C3461C /* UserViewModel.swift */ = {isa = PBXFileReference; lastKnownFileType = sourcecode.swift; path = UserViewModel.swift; sourceTree = "<group>"; };
		073FFDCC24E74B7E00C3461C /* +UIColor.swift */ = {isa = PBXFileReference; lastKnownFileType = sourcecode.swift; path = "+UIColor.swift"; sourceTree = "<group>"; };
		073FFDCE24E74EEB00C3461C /* State.swift */ = {isa = PBXFileReference; lastKnownFileType = sourcecode.swift; path = State.swift; sourceTree = "<group>"; };
		0779624E24EAE45B00F12E7B /* MockFetcher.swift */ = {isa = PBXFileReference; lastKnownFileType = sourcecode.swift; path = MockFetcher.swift; sourceTree = "<group>"; };
		0779625224EB5C0600F12E7B /* FetchableImage.swift */ = {isa = PBXFileReference; lastKnownFileType = sourcecode.swift; path = FetchableImage.swift; sourceTree = "<group>"; };
/* End PBXFileReference section */

/* Begin PBXFrameworksBuildPhase section */
		073FFD5024E6F74400C3461C /* Frameworks */ = {
			isa = PBXFrameworksBuildPhase;
			buildActionMask = 2147483647;
			files = (
			);
			runOnlyForDeploymentPostprocessing = 0;
		};
		073FFD6624E6F74500C3461C /* Frameworks */ = {
			isa = PBXFrameworksBuildPhase;
			buildActionMask = 2147483647;
			files = (
			);
			runOnlyForDeploymentPostprocessing = 0;
		};
		073FFD7124E6F74500C3461C /* Frameworks */ = {
			isa = PBXFrameworksBuildPhase;
			buildActionMask = 2147483647;
			files = (
			);
			runOnlyForDeploymentPostprocessing = 0;
		};
/* End PBXFrameworksBuildPhase section */

/* Begin PBXGroup section */
		073FFD4A24E6F74400C3461C = {
			isa = PBXGroup;
			children = (
				073FFD5524E6F74400C3461C /* TwitterApp */,
				073FFD6C24E6F74500C3461C /* TwitterAppTests */,
				073FFD7724E6F74500C3461C /* TwitterAppUITests */,
				073FFD5424E6F74400C3461C /* Products */,
			);
			sourceTree = "<group>";
		};
		073FFD5424E6F74400C3461C /* Products */ = {
			isa = PBXGroup;
			children = (
				073FFD5324E6F74400C3461C /* TwitterApp.app */,
				073FFD6924E6F74500C3461C /* TwitterAppTests.xctest */,
				073FFD7424E6F74500C3461C /* TwitterAppUITests.xctest */,
			);
			name = Products;
			sourceTree = "<group>";
		};
		073FFD5524E6F74400C3461C /* TwitterApp */ = {
			isa = PBXGroup;
			children = (
				073FFD5824E6F74400C3461C /* SceneDelegate.swift */,
				073FFD5624E6F74400C3461C /* AppDelegate.swift */,
				073FFD8A24E6FA6800C3461C /* Utils */,
				073FFD8924E6FA5600C3461C /* Extensions */,
				073FFD8C24E6FBF400C3461C /* Coordinators */,
				073FFD9B24E7032400C3461C /* Factories */,
				073FFD8B24E6FA7D00C3461C /* Services */,
				073FFDB524E734B900C3461C /* Model Layer */,
				073FFD8824E6FA3F00C3461C /* View Model Layer */,
				073FFD8724E6FA2C00C3461C /* View Layer */,
				073FFD8624E6FA1A00C3461C /* View Controllers */,
				073FFD5C24E6F74400C3461C /* Main.storyboard */,
				073FFD5F24E6F74500C3461C /* Assets.xcassets */,
				073FFD6124E6F74500C3461C /* LaunchScreen.storyboard */,
				073FFD6424E6F74500C3461C /* Info.plist */,
			);
			path = TwitterApp;
			sourceTree = "<group>";
		};
		073FFD6C24E6F74500C3461C /* TwitterAppTests */ = {
			isa = PBXGroup;
			children = (
				0779624D24EAE44600F12E7B /* Mocks */,
				073FFD6F24E6F74500C3461C /* Info.plist */,
				072E51C424EC375200135422 /* ViewModelMockTests.swift */,
				072E51C624EC377900135422 /* ViewModelSlowTests.swift */,
			);
			path = TwitterAppTests;
			sourceTree = "<group>";
		};
		073FFD7724E6F74500C3461C /* TwitterAppUITests */ = {
			isa = PBXGroup;
			children = (
				073FFD7824E6F74500C3461C /* TwitterAppUITests.swift */,
				073FFD7A24E6F74500C3461C /* Info.plist */,
			);
			path = TwitterAppUITests;
			sourceTree = "<group>";
		};
		073FFD8624E6FA1A00C3461C /* View Controllers */ = {
			isa = PBXGroup;
			children = (
				073FFDA024E70A2800C3461C /* RootTabBarController.swift */,
				073FFD9124E6FEED00C3461C /* FeedViewController.swift */,
				073FFD9324E6FF1400C3461C /* SearchViewController.swift */,
			);
			path = "View Controllers";
			sourceTree = "<group>";
		};
		073FFD8724E6FA2C00C3461C /* View Layer */ = {
			isa = PBXGroup;
			children = (
				073FFDAC24E72F9400C3461C /* Cells */,
				073FFDB124E731D100C3461C /* FeedRootView.swift */,
			);
			path = "View Layer";
			sourceTree = "<group>";
		};
		073FFD8824E6FA3F00C3461C /* View Model Layer */ = {
			isa = PBXGroup;
			children = (
				073FFDC824E7484D00C3461C /* TweetViewModel.swift */,
				073FFDCA24E7492700C3461C /* UserViewModel.swift */,
				073FFDCE24E74EEB00C3461C /* State.swift */,
				072E51CA24EC53DD00135422 /* FeedViewModelInterface.swift */,
				073FFDC624E7459500C3461C /* FeedViewModel.swift */,
				072E51C824EC53B000135422 /* SearchViewModel.swift */,
			);
			path = "View Model Layer";
			sourceTree = "<group>";
		};
		073FFD8924E6FA5600C3461C /* Extensions */ = {
			isa = PBXGroup;
			children = (
				073FFD9524E6FF5400C3461C /* +UIViewController.swift */,
				073FFD9724E6FFD400C3461C /* +UIStoryboard.swift */,
				073FFDA224E70E3200C3461C /* +UIImage.swift */,
				073FFDB324E732EB00C3461C /* +UIView.swift */,
				073FFDCC24E74B7E00C3461C /* +UIColor.swift */,
			);
			path = Extensions;
			sourceTree = "<group>";
		};
		073FFD8A24E6FA6800C3461C /* Utils */ = {
			isa = PBXGroup;
			children = (
				073FFD9924E7001400C3461C /* Storyboarded.swift */,
				073FFDC224E7434E00C3461C /* Bindable.swift */,
				073FFDC424E7442100C3461C /* Binder.swift */,
				0779625224EB5C0600F12E7B /* FetchableImage.swift */,
			);
			path = Utils;
			sourceTree = "<group>";
		};
		073FFD8B24E6FA7D00C3461C /* Services */ = {
			isa = PBXGroup;
			children = (
				073FFDBC24E7387B00C3461C /* Endpoint.swift */,
				073FFDBA24E7387100C3461C /* Fetcher.swift */,
				073FFDBE24E73B7F00C3461C /* FetcherImplementation.swift */,
				073FFDC024E73BD500C3461C /* APIErrors.swift */,
			);
			path = Services;
			sourceTree = "<group>";
		};
		073FFD8C24E6FBF400C3461C /* Coordinators */ = {
			isa = PBXGroup;
			children = (
				073FFD8D24E6FC7C00C3461C /* Coordinator.swift */,
				073FFD8F24E6FCED00C3461C /* AppCoordinator.swift */,
				073FFDAA24E7192200C3461C /* NavCoordinator.swift */,
			);
			path = Coordinators;
			sourceTree = "<group>";
		};
		073FFD9B24E7032400C3461C /* Factories */ = {
			isa = PBXGroup;
			children = (
				073FFD9C24E7037400C3461C /* ObjectFactories.swift */,
				073FFD9E24E706BD00C3461C /* ViewControllerFactories.swift */,
				073FFDA824E7171500C3461C /* CoordinatorFactories.swift */,
			);
			path = Factories;
			sourceTree = "<group>";
		};
		073FFDAC24E72F9400C3461C /* Cells */ = {
			isa = PBXGroup;
			children = (
				073FFDAD24E72FBE00C3461C /* TweetCell.swift */,
			);
			path = Cells;
			sourceTree = "<group>";
		};
		073FFDB524E734B900C3461C /* Model Layer */ = {
			isa = PBXGroup;
			children = (
				073FFDB624E734CE00C3461C /* User.swift */,
				073FFDB824E737C100C3461C /* Tweet.swift */,
				072E51CC24EC5EFE00135422 /* SearchResult.swift */,
			);
			path = "Model Layer";
			sourceTree = "<group>";
		};
		0779624D24EAE44600F12E7B /* Mocks */ = {
			isa = PBXGroup;
			children = (
				0779624E24EAE45B00F12E7B /* MockFetcher.swift */,
			);
			path = Mocks;
			sourceTree = "<group>";
		};
/* End PBXGroup section */

/* Begin PBXNativeTarget section */
		073FFD5224E6F74400C3461C /* TwitterApp */ = {
			isa = PBXNativeTarget;
			buildConfigurationList = 073FFD7D24E6F74500C3461C /* Build configuration list for PBXNativeTarget "TwitterApp" */;
			buildPhases = (
				073FFD4F24E6F74400C3461C /* Sources */,
				073FFD5024E6F74400C3461C /* Frameworks */,
				073FFD5124E6F74400C3461C /* Resources */,
			);
			buildRules = (
			);
			dependencies = (
			);
			name = TwitterApp;
			productName = TwitterApp;
			productReference = 073FFD5324E6F74400C3461C /* TwitterApp.app */;
			productType = "com.apple.product-type.application";
		};
		073FFD6824E6F74500C3461C /* TwitterAppTests */ = {
			isa = PBXNativeTarget;
			buildConfigurationList = 073FFD8024E6F74500C3461C /* Build configuration list for PBXNativeTarget "TwitterAppTests" */;
			buildPhases = (
				073FFD6524E6F74500C3461C /* Sources */,
				073FFD6624E6F74500C3461C /* Frameworks */,
				073FFD6724E6F74500C3461C /* Resources */,
			);
			buildRules = (
			);
			dependencies = (
				073FFD6B24E6F74500C3461C /* PBXTargetDependency */,
			);
			name = TwitterAppTests;
			productName = TwitterAppTests;
			productReference = 073FFD6924E6F74500C3461C /* TwitterAppTests.xctest */;
			productType = "com.apple.product-type.bundle.unit-test";
		};
		073FFD7324E6F74500C3461C /* TwitterAppUITests */ = {
			isa = PBXNativeTarget;
			buildConfigurationList = 073FFD8324E6F74500C3461C /* Build configuration list for PBXNativeTarget "TwitterAppUITests" */;
			buildPhases = (
				073FFD7024E6F74500C3461C /* Sources */,
				073FFD7124E6F74500C3461C /* Frameworks */,
				073FFD7224E6F74500C3461C /* Resources */,
			);
			buildRules = (
			);
			dependencies = (
				073FFD7624E6F74500C3461C /* PBXTargetDependency */,
			);
			name = TwitterAppUITests;
			productName = TwitterAppUITests;
			productReference = 073FFD7424E6F74500C3461C /* TwitterAppUITests.xctest */;
			productType = "com.apple.product-type.bundle.ui-testing";
		};
/* End PBXNativeTarget section */

/* Begin PBXProject section */
		073FFD4B24E6F74400C3461C /* Project object */ = {
			isa = PBXProject;
			attributes = {
				LastSwiftUpdateCheck = 1150;
				LastUpgradeCheck = 1150;
				ORGANIZATIONNAME = "Abner Castro";
				TargetAttributes = {
					073FFD5224E6F74400C3461C = {
						CreatedOnToolsVersion = 11.5;
					};
					073FFD6824E6F74500C3461C = {
						CreatedOnToolsVersion = 11.5;
						TestTargetID = 073FFD5224E6F74400C3461C;
					};
					073FFD7324E6F74500C3461C = {
						CreatedOnToolsVersion = 11.5;
						TestTargetID = 073FFD5224E6F74400C3461C;
					};
				};
			};
			buildConfigurationList = 073FFD4E24E6F74400C3461C /* Build configuration list for PBXProject "TwitterApp" */;
			compatibilityVersion = "Xcode 9.3";
			developmentRegion = en;
			hasScannedForEncodings = 0;
			knownRegions = (
				en,
				Base,
			);
			mainGroup = 073FFD4A24E6F74400C3461C;
			productRefGroup = 073FFD5424E6F74400C3461C /* Products */;
			projectDirPath = "";
			projectRoot = "";
			targets = (
				073FFD5224E6F74400C3461C /* TwitterApp */,
				073FFD6824E6F74500C3461C /* TwitterAppTests */,
				073FFD7324E6F74500C3461C /* TwitterAppUITests */,
			);
		};
/* End PBXProject section */

/* Begin PBXResourcesBuildPhase section */
		073FFD5124E6F74400C3461C /* Resources */ = {
			isa = PBXResourcesBuildPhase;
			buildActionMask = 2147483647;
			files = (
				073FFD6324E6F74500C3461C /* LaunchScreen.storyboard in Resources */,
				073FFD6024E6F74500C3461C /* Assets.xcassets in Resources */,
				073FFD5E24E6F74400C3461C /* Main.storyboard in Resources */,
			);
			runOnlyForDeploymentPostprocessing = 0;
		};
		073FFD6724E6F74500C3461C /* Resources */ = {
			isa = PBXResourcesBuildPhase;
			buildActionMask = 2147483647;
			files = (
			);
			runOnlyForDeploymentPostprocessing = 0;
		};
		073FFD7224E6F74500C3461C /* Resources */ = {
			isa = PBXResourcesBuildPhase;
			buildActionMask = 2147483647;
			files = (
			);
			runOnlyForDeploymentPostprocessing = 0;
		};
/* End PBXResourcesBuildPhase section */

/* Begin PBXSourcesBuildPhase section */
		073FFD4F24E6F74400C3461C /* Sources */ = {
			isa = PBXSourcesBuildPhase;
			buildActionMask = 2147483647;
			files = (
				072E51C924EC53B000135422 /* SearchViewModel.swift in Sources */,
				073FFDB424E732EB00C3461C /* +UIView.swift in Sources */,
				073FFDCB24E7492700C3461C /* UserViewModel.swift in Sources */,
				073FFD9824E6FFD400C3461C /* +UIStoryboard.swift in Sources */,
				073FFDA124E70A2800C3461C /* RootTabBarController.swift in Sources */,
				073FFDC524E7442100C3461C /* Binder.swift in Sources */,
				073FFD9D24E7037400C3461C /* ObjectFactories.swift in Sources */,
				073FFDAF24E72FBE00C3461C /* TweetCell.swift in Sources */,
				073FFD9424E6FF1400C3461C /* SearchViewController.swift in Sources */,
				073FFDCF24E74EEB00C3461C /* State.swift in Sources */,
				073FFD9624E6FF5400C3461C /* +UIViewController.swift in Sources */,
				073FFDC924E7484D00C3461C /* TweetViewModel.swift in Sources */,
				073FFD9024E6FCED00C3461C /* AppCoordinator.swift in Sources */,
				073FFD5724E6F74400C3461C /* AppDelegate.swift in Sources */,
				073FFD9A24E7001400C3461C /* Storyboarded.swift in Sources */,
				073FFDB224E731D100C3461C /* FeedRootView.swift in Sources */,
				072E51CB24EC53DD00135422 /* FeedViewModelInterface.swift in Sources */,
				073FFDB924E737C100C3461C /* Tweet.swift in Sources */,
				0779625324EB5C0600F12E7B /* FetchableImage.swift in Sources */,
				073FFDA924E7171500C3461C /* CoordinatorFactories.swift in Sources */,
				073FFD9224E6FEED00C3461C /* FeedViewController.swift in Sources */,
				073FFDBF24E73B7F00C3461C /* FetcherImplementation.swift in Sources */,
				072E51CD24EC5EFE00135422 /* SearchResult.swift in Sources */,
				073FFDBB24E7387100C3461C /* Fetcher.swift in Sources */,
				073FFDC724E7459500C3461C /* FeedViewModel.swift in Sources */,
				073FFD5924E6F74400C3461C /* SceneDelegate.swift in Sources */,
				073FFDC124E73BD500C3461C /* APIErrors.swift in Sources */,
				073FFDA324E70E3200C3461C /* +UIImage.swift in Sources */,
				073FFD8E24E6FC7C00C3461C /* Coordinator.swift in Sources */,
				073FFDC324E7434E00C3461C /* Bindable.swift in Sources */,
				073FFD9F24E706BD00C3461C /* ViewControllerFactories.swift in Sources */,
				073FFDAB24E7192200C3461C /* NavCoordinator.swift in Sources */,
				073FFDCD24E74B7E00C3461C /* +UIColor.swift in Sources */,
				073FFDBD24E7387B00C3461C /* Endpoint.swift in Sources */,
				073FFDB724E734CE00C3461C /* User.swift in Sources */,
			);
			runOnlyForDeploymentPostprocessing = 0;
		};
		073FFD6524E6F74500C3461C /* Sources */ = {
			isa = PBXSourcesBuildPhase;
			buildActionMask = 2147483647;
			files = (
				072E51C524EC375200135422 /* ViewModelMockTests.swift in Sources */,
				072E51C724EC377900135422 /* ViewModelSlowTests.swift in Sources */,
				0779624F24EAE45B00F12E7B /* MockFetcher.swift in Sources */,
			);
			runOnlyForDeploymentPostprocessing = 0;
		};
		073FFD7024E6F74500C3461C /* Sources */ = {
			isa = PBXSourcesBuildPhase;
			buildActionMask = 2147483647;
			files = (
				073FFD7924E6F74500C3461C /* TwitterAppUITests.swift in Sources */,
			);
			runOnlyForDeploymentPostprocessing = 0;
		};
/* End PBXSourcesBuildPhase section */

/* Begin PBXTargetDependency section */
		073FFD6B24E6F74500C3461C /* PBXTargetDependency */ = {
			isa = PBXTargetDependency;
			target = 073FFD5224E6F74400C3461C /* TwitterApp */;
			targetProxy = 073FFD6A24E6F74500C3461C /* PBXContainerItemProxy */;
		};
		073FFD7624E6F74500C3461C /* PBXTargetDependency */ = {
			isa = PBXTargetDependency;
			target = 073FFD5224E6F74400C3461C /* TwitterApp */;
			targetProxy = 073FFD7524E6F74500C3461C /* PBXContainerItemProxy */;
		};
/* End PBXTargetDependency section */

/* Begin PBXVariantGroup section */
		073FFD5C24E6F74400C3461C /* Main.storyboard */ = {
			isa = PBXVariantGroup;
			children = (
				073FFD5D24E6F74400C3461C /* Base */,
			);
			name = Main.storyboard;
			sourceTree = "<group>";
		};
		073FFD6124E6F74500C3461C /* LaunchScreen.storyboard */ = {
			isa = PBXVariantGroup;
			children = (
				073FFD6224E6F74500C3461C /* Base */,
			);
			name = LaunchScreen.storyboard;
			sourceTree = "<group>";
		};
/* End PBXVariantGroup section */

/* Begin XCBuildConfiguration section */
		073FFD7B24E6F74500C3461C /* Debug */ = {
			isa = XCBuildConfiguration;
			buildSettings = {
				ALWAYS_SEARCH_USER_PATHS = NO;
				CLANG_ANALYZER_NONNULL = YES;
				CLANG_ANALYZER_NUMBER_OBJECT_CONVERSION = YES_AGGRESSIVE;
				CLANG_CXX_LANGUAGE_STANDARD = "gnu++14";
				CLANG_CXX_LIBRARY = "libc++";
				CLANG_ENABLE_MODULES = YES;
				CLANG_ENABLE_OBJC_ARC = YES;
				CLANG_ENABLE_OBJC_WEAK = YES;
				CLANG_WARN_BLOCK_CAPTURE_AUTORELEASING = YES;
				CLANG_WARN_BOOL_CONVERSION = YES;
				CLANG_WARN_COMMA = YES;
				CLANG_WARN_CONSTANT_CONVERSION = YES;
				CLANG_WARN_DEPRECATED_OBJC_IMPLEMENTATIONS = YES;
				CLANG_WARN_DIRECT_OBJC_ISA_USAGE = YES_ERROR;
				CLANG_WARN_DOCUMENTATION_COMMENTS = YES;
				CLANG_WARN_EMPTY_BODY = YES;
				CLANG_WARN_ENUM_CONVERSION = YES;
				CLANG_WARN_INFINITE_RECURSION = YES;
				CLANG_WARN_INT_CONVERSION = YES;
				CLANG_WARN_NON_LITERAL_NULL_CONVERSION = YES;
				CLANG_WARN_OBJC_IMPLICIT_RETAIN_SELF = YES;
				CLANG_WARN_OBJC_LITERAL_CONVERSION = YES;
				CLANG_WARN_OBJC_ROOT_CLASS = YES_ERROR;
				CLANG_WARN_RANGE_LOOP_ANALYSIS = YES;
				CLANG_WARN_STRICT_PROTOTYPES = YES;
				CLANG_WARN_SUSPICIOUS_MOVE = YES;
				CLANG_WARN_UNGUARDED_AVAILABILITY = YES_AGGRESSIVE;
				CLANG_WARN_UNREACHABLE_CODE = YES;
				CLANG_WARN__DUPLICATE_METHOD_MATCH = YES;
				COPY_PHASE_STRIP = NO;
				DEBUG_INFORMATION_FORMAT = dwarf;
				ENABLE_STRICT_OBJC_MSGSEND = YES;
				ENABLE_TESTABILITY = YES;
				GCC_C_LANGUAGE_STANDARD = gnu11;
				GCC_DYNAMIC_NO_PIC = NO;
				GCC_NO_COMMON_BLOCKS = YES;
				GCC_OPTIMIZATION_LEVEL = 0;
				GCC_PREPROCESSOR_DEFINITIONS = (
					"DEBUG=1",
					"$(inherited)",
				);
				GCC_WARN_64_TO_32_BIT_CONVERSION = YES;
				GCC_WARN_ABOUT_RETURN_TYPE = YES_ERROR;
				GCC_WARN_UNDECLARED_SELECTOR = YES;
				GCC_WARN_UNINITIALIZED_AUTOS = YES_AGGRESSIVE;
				GCC_WARN_UNUSED_FUNCTION = YES;
				GCC_WARN_UNUSED_VARIABLE = YES;
				IPHONEOS_DEPLOYMENT_TARGET = 13.5;
				MTL_ENABLE_DEBUG_INFO = INCLUDE_SOURCE;
				MTL_FAST_MATH = YES;
				ONLY_ACTIVE_ARCH = YES;
				SDKROOT = iphoneos;
				SWIFT_ACTIVE_COMPILATION_CONDITIONS = DEBUG;
				SWIFT_OPTIMIZATION_LEVEL = "-Onone";
			};
			name = Debug;
		};
		073FFD7C24E6F74500C3461C /* Release */ = {
			isa = XCBuildConfiguration;
			buildSettings = {
				ALWAYS_SEARCH_USER_PATHS = NO;
				CLANG_ANALYZER_NONNULL = YES;
				CLANG_ANALYZER_NUMBER_OBJECT_CONVERSION = YES_AGGRESSIVE;
				CLANG_CXX_LANGUAGE_STANDARD = "gnu++14";
				CLANG_CXX_LIBRARY = "libc++";
				CLANG_ENABLE_MODULES = YES;
				CLANG_ENABLE_OBJC_ARC = YES;
				CLANG_ENABLE_OBJC_WEAK = YES;
				CLANG_WARN_BLOCK_CAPTURE_AUTORELEASING = YES;
				CLANG_WARN_BOOL_CONVERSION = YES;
				CLANG_WARN_COMMA = YES;
				CLANG_WARN_CONSTANT_CONVERSION = YES;
				CLANG_WARN_DEPRECATED_OBJC_IMPLEMENTATIONS = YES;
				CLANG_WARN_DIRECT_OBJC_ISA_USAGE = YES_ERROR;
				CLANG_WARN_DOCUMENTATION_COMMENTS = YES;
				CLANG_WARN_EMPTY_BODY = YES;
				CLANG_WARN_ENUM_CONVERSION = YES;
				CLANG_WARN_INFINITE_RECURSION = YES;
				CLANG_WARN_INT_CONVERSION = YES;
				CLANG_WARN_NON_LITERAL_NULL_CONVERSION = YES;
				CLANG_WARN_OBJC_IMPLICIT_RETAIN_SELF = YES;
				CLANG_WARN_OBJC_LITERAL_CONVERSION = YES;
				CLANG_WARN_OBJC_ROOT_CLASS = YES_ERROR;
				CLANG_WARN_RANGE_LOOP_ANALYSIS = YES;
				CLANG_WARN_STRICT_PROTOTYPES = YES;
				CLANG_WARN_SUSPICIOUS_MOVE = YES;
				CLANG_WARN_UNGUARDED_AVAILABILITY = YES_AGGRESSIVE;
				CLANG_WARN_UNREACHABLE_CODE = YES;
				CLANG_WARN__DUPLICATE_METHOD_MATCH = YES;
				COPY_PHASE_STRIP = NO;
				DEBUG_INFORMATION_FORMAT = "dwarf-with-dsym";
				ENABLE_NS_ASSERTIONS = NO;
				ENABLE_STRICT_OBJC_MSGSEND = YES;
				GCC_C_LANGUAGE_STANDARD = gnu11;
				GCC_NO_COMMON_BLOCKS = YES;
				GCC_WARN_64_TO_32_BIT_CONVERSION = YES;
				GCC_WARN_ABOUT_RETURN_TYPE = YES_ERROR;
				GCC_WARN_UNDECLARED_SELECTOR = YES;
				GCC_WARN_UNINITIALIZED_AUTOS = YES_AGGRESSIVE;
				GCC_WARN_UNUSED_FUNCTION = YES;
				GCC_WARN_UNUSED_VARIABLE = YES;
				IPHONEOS_DEPLOYMENT_TARGET = 13.5;
				MTL_ENABLE_DEBUG_INFO = NO;
				MTL_FAST_MATH = YES;
				SDKROOT = iphoneos;
				SWIFT_COMPILATION_MODE = wholemodule;
				SWIFT_OPTIMIZATION_LEVEL = "-O";
				VALIDATE_PRODUCT = YES;
			};
			name = Release;
		};
		073FFD7E24E6F74500C3461C /* Debug */ = {
			isa = XCBuildConfiguration;
			buildSettings = {
				ASSETCATALOG_COMPILER_APPICON_NAME = AppIcon;
				CODE_SIGN_STYLE = Automatic;
				INFOPLIST_FILE = TwitterApp/Info.plist;
				LD_RUNPATH_SEARCH_PATHS = (
					"$(inherited)",
					"@executable_path/Frameworks",
				);
				PRODUCT_BUNDLE_IDENTIFIER = abner.TwitterApp;
				PRODUCT_NAME = "$(TARGET_NAME)";
				SWIFT_VERSION = 5.0;
				TARGETED_DEVICE_FAMILY = "1,2";
			};
			name = Debug;
		};
		073FFD7F24E6F74500C3461C /* Release */ = {
			isa = XCBuildConfiguration;
			buildSettings = {
				ASSETCATALOG_COMPILER_APPICON_NAME = AppIcon;
				CODE_SIGN_STYLE = Automatic;
				INFOPLIST_FILE = TwitterApp/Info.plist;
				LD_RUNPATH_SEARCH_PATHS = (
					"$(inherited)",
					"@executable_path/Frameworks",
				);
				PRODUCT_BUNDLE_IDENTIFIER = abner.TwitterApp;
				PRODUCT_NAME = "$(TARGET_NAME)";
				SWIFT_VERSION = 5.0;
				TARGETED_DEVICE_FAMILY = "1,2";
			};
			name = Release;
		};
		073FFD8124E6F74500C3461C /* Debug */ = {
			isa = XCBuildConfiguration;
			buildSettings = {
				ALWAYS_EMBED_SWIFT_STANDARD_LIBRARIES = YES;
				BUNDLE_LOADER = "$(TEST_HOST)";
				CODE_SIGN_STYLE = Automatic;
				INFOPLIST_FILE = TwitterAppTests/Info.plist;
				IPHONEOS_DEPLOYMENT_TARGET = 13.5;
				LD_RUNPATH_SEARCH_PATHS = (
					"$(inherited)",
					"@executable_path/Frameworks",
					"@loader_path/Frameworks",
				);
				PRODUCT_BUNDLE_IDENTIFIER = abner.TwitterAppTests;
				PRODUCT_NAME = "$(TARGET_NAME)";
				SWIFT_VERSION = 5.0;
				TARGETED_DEVICE_FAMILY = "1,2";
				TEST_HOST = "$(BUILT_PRODUCTS_DIR)/TwitterApp.app/TwitterApp";
			};
			name = Debug;
		};
		073FFD8224E6F74500C3461C /* Release */ = {
			isa = XCBuildConfiguration;
			buildSettings = {
				ALWAYS_EMBED_SWIFT_STANDARD_LIBRARIES = YES;
				BUNDLE_LOADER = "$(TEST_HOST)";
				CODE_SIGN_STYLE = Automatic;
				INFOPLIST_FILE = TwitterAppTests/Info.plist;
				IPHONEOS_DEPLOYMENT_TARGET = 13.5;
				LD_RUNPATH_SEARCH_PATHS = (
					"$(inherited)",
					"@executable_path/Frameworks",
					"@loader_path/Frameworks",
				);
				PRODUCT_BUNDLE_IDENTIFIER = abner.TwitterAppTests;
				PRODUCT_NAME = "$(TARGET_NAME)";
				SWIFT_VERSION = 5.0;
				TARGETED_DEVICE_FAMILY = "1,2";
				TEST_HOST = "$(BUILT_PRODUCTS_DIR)/TwitterApp.app/TwitterApp";
			};
			name = Release;
		};
		073FFD8424E6F74500C3461C /* Debug */ = {
			isa = XCBuildConfiguration;
			buildSettings = {
				ALWAYS_EMBED_SWIFT_STANDARD_LIBRARIES = YES;
				CODE_SIGN_STYLE = Automatic;
				INFOPLIST_FILE = TwitterAppUITests/Info.plist;
				LD_RUNPATH_SEARCH_PATHS = (
					"$(inherited)",
					"@executable_path/Frameworks",
					"@loader_path/Frameworks",
				);
				PRODUCT_BUNDLE_IDENTIFIER = abner.TwitterAppUITests;
				PRODUCT_NAME = "$(TARGET_NAME)";
				SWIFT_VERSION = 5.0;
				TARGETED_DEVICE_FAMILY = "1,2";
				TEST_TARGET_NAME = TwitterApp;
			};
			name = Debug;
		};
		073FFD8524E6F74500C3461C /* Release */ = {
			isa = XCBuildConfiguration;
			buildSettings = {
				ALWAYS_EMBED_SWIFT_STANDARD_LIBRARIES = YES;
				CODE_SIGN_STYLE = Automatic;
				INFOPLIST_FILE = TwitterAppUITests/Info.plist;
				LD_RUNPATH_SEARCH_PATHS = (
					"$(inherited)",
					"@executable_path/Frameworks",
					"@loader_path/Frameworks",
				);
				PRODUCT_BUNDLE_IDENTIFIER = abner.TwitterAppUITests;
				PRODUCT_NAME = "$(TARGET_NAME)";
				SWIFT_VERSION = 5.0;
				TARGETED_DEVICE_FAMILY = "1,2";
				TEST_TARGET_NAME = TwitterApp;
			};
			name = Release;
		};
/* End XCBuildConfiguration section */

/* Begin XCConfigurationList section */
		073FFD4E24E6F74400C3461C /* Build configuration list for PBXProject "TwitterApp" */ = {
			isa = XCConfigurationList;
			buildConfigurations = (
				073FFD7B24E6F74500C3461C /* Debug */,
				073FFD7C24E6F74500C3461C /* Release */,
			);
			defaultConfigurationIsVisible = 0;
			defaultConfigurationName = Release;
		};
		073FFD7D24E6F74500C3461C /* Build configuration list for PBXNativeTarget "TwitterApp" */ = {
			isa = XCConfigurationList;
			buildConfigurations = (
				073FFD7E24E6F74500C3461C /* Debug */,
				073FFD7F24E6F74500C3461C /* Release */,
			);
			defaultConfigurationIsVisible = 0;
			defaultConfigurationName = Release;
		};
		073FFD8024E6F74500C3461C /* Build configuration list for PBXNativeTarget "TwitterAppTests" */ = {
			isa = XCConfigurationList;
			buildConfigurations = (
				073FFD8124E6F74500C3461C /* Debug */,
				073FFD8224E6F74500C3461C /* Release */,
			);
			defaultConfigurationIsVisible = 0;
			defaultConfigurationName = Release;
		};
		073FFD8324E6F74500C3461C /* Build configuration list for PBXNativeTarget "TwitterAppUITests" */ = {
			isa = XCConfigurationList;
			buildConfigurations = (
				073FFD8424E6F74500C3461C /* Debug */,
				073FFD8524E6F74500C3461C /* Release */,
			);
			defaultConfigurationIsVisible = 0;
			defaultConfigurationName = Release;
		};
/* End XCConfigurationList section */
	};
	rootObject = 073FFD4B24E6F74400C3461C /* Project object */;
}
